
Microsoft Visual Studio Solution File, Format Version 12.00
# Visual Studio Version 17
VisualStudioVersion = 17.1.32328.378
MinimumVisualStudioVersion = 10.0.40219.1
Project("{FAE04EC0-301F-11D3-BF4B-00C04F79EFBC}") = "ExerciseTracker", "ExerciseTracker\ExerciseTracker.csproj", "{0B8FE3E1-4E38-4065-B08E-610AC04597EF}"
EndProject
Global
	GlobalSection(SolutionConfigurationPlatforms) = preSolution
		Debug|Any CPU = Debug|Any CPU
		Release|Any CPU = Release|Any CPU
	EndGlobalSection
	GlobalSection(ProjectConfigurationPlatforms) = postSolution
		{0B8FE3E1-4E38-4065-B08E-610AC04597EF}.Debug|Any CPU.ActiveCfg = Debug|Any CPU
		{0B8FE3E1-4E38-4065-B08E-610AC04597EF}.Debug|Any CPU.Build.0 = Debug|Any CPU
		{0B8FE3E1-4E38-4065-B08E-610AC04597EF}.Release|Any CPU.ActiveCfg = Release|Any CPU
		{0B8FE3E1-4E38-4065-B08E-610AC04597EF}.Release|Any CPU.Build.0 = Release|Any CPU
	EndGlobalSection
	GlobalSection(SolutionProperties) = preSolution
		HideSolutionNode = FALSE
	EndGlobalSection
	GlobalSection(ExtensibilityGlobals) = postSolution
		SolutionGuid = {D1632C48-3113-4D26-B354-2820D2781E93}
	EndGlobalSection
EndGlobal
